
Microsoft Visual Studio Solution File, Format Version 12.00
# Visual Studio 15
VisualStudioVersion = 15.0.26730.3
MinimumVisualStudioVersion = 10.0.40219.1
Project("{FAE04EC0-301F-11D3-BF4B-00C04F79EFBC}") = "ToDoListDataAPI", "ToDoListDataAPI.csproj", "{2B6C8105-9070-4B55-B3E6-8AD271798344}"
EndProject
Global
	GlobalSection(SolutionConfigurationPlatforms) = preSolution
		Debug|Any CPU = Debug|Any CPU
		Release|Any CPU = Release|Any CPU
	EndGlobalSection
	GlobalSection(ProjectConfigurationPlatforms) = postSolution
		{2B6C8105-9070-4B55-B3E6-8AD271798344}.Debug|Any CPU.ActiveCfg = Debug|Any CPU
		{2B6C8105-9070-4B55-B3E6-8AD271798344}.Debug|Any CPU.Build.0 = Debug|Any CPU
		{2B6C8105-9070-4B55-B3E6-8AD271798344}.Release|Any CPU.ActiveCfg = Release|Any CPU
		{2B6C8105-9070-4B55-B3E6-8AD271798344}.Release|Any CPU.Build.0 = Release|Any CPU
	EndGlobalSection
	GlobalSection(SolutionProperties) = preSolution
		HideSolutionNode = FALSE
	EndGlobalSection
	GlobalSection(ExtensibilityGlobals) = postSolution
		SolutionGuid = {CBF37724-D99E-4B06-BBA4-6AF7E605C618}
	EndGlobalSection
EndGlobal
